Microsoft Visual Studio Solution File, Format Version 12.00
# Visual Studio Version 17
VisualStudioVersion = 17.5.2.0
MinimumVisualStudioVersion = 10.0.40219.1
Project("{FAE04EC0-301F-11D3-BF4B-00C04F79EFBC}") = "tl2-tp8-2025-PauloSrur1", "tl2-tp8-2025-PauloSrur1.csproj", "{148389E9-35BE-1A9B-AA0F-3921E740E372}"
EndProject
Global
	GlobalSection(SolutionConfigurationPlatforms) = preSolution
		Debug|Any CPU = Debug|Any CPU
		Release|Any CPU = Release|Any CPU
	EndGlobalSection
	GlobalSection(ProjectConfigurationPlatforms) = postSolution
		{148389E9-35BE-1A9B-AA0F-3921E740E372}.Debug|Any CPU.ActiveCfg = Debug|Any CPU
		{148389E9-35BE-1A9B-AA0F-3921E740E372}.Debug|Any CPU.Build.0 = Debug|Any CPU
		{148389E9-35BE-1A9B-AA0F-3921E740E372}.Release|Any CPU.ActiveCfg = Release|Any CPU
		{148389E9-35BE-1A9B-AA0F-3921E740E372}.Release|Any CPU.Build.0 = Release|Any CPU
	EndGlobalSection
	GlobalSection(SolutionProperties) = preSolution
		HideSolutionNode = FALSE
	EndGlobalSection
	GlobalSection(ExtensibilityGlobals) = postSolution
		SolutionGuid = {B3E62F83-DD1B-4AFA-BFE2-DB212D97D56F}
	EndGlobalSection
EndGlobal
